
Microsoft Visual Studio Solution File, Format Version 12.00
# Visual Studio 14
VisualStudioVersion = 14.0.25420.1
MinimumVisualStudioVersion = 10.0.40219.1
Project("{FAE04EC0-301F-11D3-BF4B-00C04F79EFBC}") = "SmartWeb", "WebApp\SmartWeb.csproj", "{0835B225-29DE-49E2-BAAF-8FF45FD1A2A6}"
EndProject
Project("{2150E333-8FDC-42A3-9474-1A3956D46DE8}") = "Solution Items", "Solution Items", "{0904E84B-ED30-4D3A-B113-ED8003920465}"
	ProjectSection(SolutionItems) = preProject
		Chloe\Chloe.csproj = Chloe\Chloe.csproj
	EndProjectSection
EndProject
Project("{FAE04EC0-301F-11D3-BF4B-00C04F79EFBC}") = "Chloe", "Chloe\Chloe.csproj", "{251CAE99-2279-4B09-AFE1-123C69030457}"
EndProject
Project("{FAE04EC0-301F-11D3-BF4B-00C04F79EFBC}") = "Chloe.Extension", "Chloe.Extension\Chloe.Extension.csproj", "{D86E8BA3-41DB-4CDD-A84B-B3919974FDAC}"
EndProject
Project("{FAE04EC0-301F-11D3-BF4B-00C04F79EFBC}") = "Chloe.MySql", "Chloe.MySql\Chloe.MySql.csproj", "{D2F4970B-35BA-4855-BEFA-75ADB44BC196}"
EndProject
Project("{FAE04EC0-301F-11D3-BF4B-00C04F79EFBC}") = "Chloe.Oracle", "Chloe.Oracle\Chloe.Oracle.csproj", "{AE9AC627-1674-47C9-9DE4-A80664C5EE0A}"
EndProject
Project("{FAE04EC0-301F-11D3-BF4B-00C04F79EFBC}") = "Chloe.SQLite", "Chloe.SQLite\Chloe.SQLite.csproj", "{A89888E2-7EE1-4490-B860-D6DBF5601958}"
EndProject
Project("{FAE04EC0-301F-11D3-BF4B-00C04F79EFBC}") = "Chloe.SqlServer", "Chloe.SqlServer\Chloe.SqlServer.csproj", "{C77E3E54-36CF-4AE9-BAD7-6C5C524FFFCF}"
EndProject
Project("{FAE04EC0-301F-11D3-BF4B-00C04F79EFBC}") = "SmartEntity", "SmartEntity\SmartEntity.csproj", "{6762489D-893C-4CCD-8657-2771F63C4027}"
EndProject
Project("{FAE04EC0-301F-11D3-BF4B-00C04F79EFBC}") = "SmartCommon", "SmartCommon\SmartCommon.csproj", "{9DF39A9A-7627-4F24-9177-EA13E2D6C598}"
EndProject
Global
	GlobalSection(SolutionConfigurationPlatforms) = preSolution
		Debug|Any CPU = Debug|Any CPU
		Release|Any CPU = Release|Any CPU
	EndGlobalSection
	GlobalSection(ProjectConfigurationPlatforms) = postSolution
		{0835B225-29DE-49E2-BAAF-8FF45FD1A2A6}.Debug|Any CPU.ActiveCfg = Debug|Any CPU
		{0835B225-29DE-49E2-BAAF-8FF45FD1A2A6}.Debug|Any CPU.Build.0 = Debug|Any CPU
		{0835B225-29DE-49E2-BAAF-8FF45FD1A2A6}.Release|Any CPU.ActiveCfg = Release|Any CPU
		{0835B225-29DE-49E2-BAAF-8FF45FD1A2A6}.Release|Any CPU.Build.0 = Release|Any CPU
		{251CAE99-2279-4B09-AFE1-123C69030457}.Debug|Any CPU.ActiveCfg = Debug|Any CPU
		{251CAE99-2279-4B09-AFE1-123C69030457}.Debug|Any CPU.Build.0 = Debug|Any CPU
		{251CAE99-2279-4B09-AFE1-123C69030457}.Release|Any CPU.ActiveCfg = Release|Any CPU
		{251CAE99-2279-4B09-AFE1-123C69030457}.Release|Any CPU.Build.0 = Release|Any CPU
		{D86E8BA3-41DB-4CDD-A84B-B3919974FDAC}.Debug|Any CPU.ActiveCfg = Debug|Any CPU
		{D86E8BA3-41DB-4CDD-A84B-B3919974FDAC}.Debug|Any CPU.Build.0 = Debug|Any CPU
		{D86E8BA3-41DB-4CDD-A84B-B3919974FDAC}.Release|Any CPU.ActiveCfg = Release|Any CPU
		{D86E8BA3-41DB-4CDD-A84B-B3919974FDAC}.Release|Any CPU.Build.0 = Release|Any CPU
		{D2F4970B-35BA-4855-BEFA-75ADB44BC196}.Debug|Any CPU.ActiveCfg = Debug|Any CPU
		{D2F4970B-35BA-4855-BEFA-75ADB44BC196}.Debug|Any CPU.Build.0 = Debug|Any CPU
		{D2F4970B-35BA-4855-BEFA-75ADB44BC196}.Release|Any CPU.ActiveCfg = Release|Any CPU
		{D2F4970B-35BA-4855-BEFA-75ADB44BC196}.Release|Any CPU.Build.0 = Release|Any CPU
		{AE9AC627-1674-47C9-9DE4-A80664C5EE0A}.Debug|Any CPU.ActiveCfg = Debug|Any CPU
		{AE9AC627-1674-47C9-9DE4-A80664C5EE0A}.Debug|Any CPU.Build.0 = Debug|Any CPU
		{AE9AC627-1674-47C9-9DE4-A80664C5EE0A}.Release|Any CPU.ActiveCfg = Release|Any CPU
		{AE9AC627-1674-47C9-9DE4-A80664C5EE0A}.Release|Any CPU.Build.0 = Release|Any CPU
		{A89888E2-7EE1-4490-B860-D6DBF5601958}.Debug|Any CPU.ActiveCfg = Debug|Any CPU
		{A89888E2-7EE1-4490-B860-D6DBF5601958}.Debug|Any CPU.Build.0 = Debug|Any CPU
		{A89888E2-7EE1-4490-B860-D6DBF5601958}.Release|Any CPU.ActiveCfg = Release|Any CPU
		{A89888E2-7EE1-4490-B860-D6DBF5601958}.Release|Any CPU.Build.0 = Release|Any CPU
		{C77E3E54-36CF-4AE9-BAD7-6C5C524FFFCF}.Debug|Any CPU.ActiveCfg = Debug|Any CPU
		{C77E3E54-36CF-4AE9-BAD7-6C5C524FFFCF}.Debug|Any CPU.Build.0 = Debug|Any CPU
		{C77E3E54-36CF-4AE9-BAD7-6C5C524FFFCF}.Release|Any CPU.ActiveCfg = Release|Any CPU
		{C77E3E54-36CF-4AE9-BAD7-6C5C524FFFCF}.Release|Any CPU.Build.0 = Release|Any CPU
		{6762489D-893C-4CCD-8657-2771F63C4027}.Debug|Any CPU.ActiveCfg = Debug|Any CPU
		{6762489D-893C-4CCD-8657-2771F63C4027}.Debug|Any CPU.Build.0 = Debug|Any CPU
		{6762489D-893C-4CCD-8657-2771F63C4027}.Release|Any CPU.ActiveCfg = Release|Any CPU
		{6762489D-893C-4CCD-8657-2771F63C4027}.Release|Any CPU.Build.0 = Release|Any CPU
		{9DF39A9A-7627-4F24-9177-EA13E2D6C598}.Debug|Any CPU.ActiveCfg = Debug|Any CPU
		{9DF39A9A-7627-4F24-9177-EA13E2D6C598}.Debug|Any CPU.Build.0 = Debug|Any CPU
		{9DF39A9A-7627-4F24-9177-EA13E2D6C598}.Release|Any CPU.ActiveCfg = Release|Any CPU
		{9DF39A9A-7627-4F24-9177-EA13E2D6C598}.Release|Any CPU.Build.0 = Release|Any CPU
	EndGlobalSection
	GlobalSection(SolutionProperties) = preSolution
		HideSolutionNode = FALSE
	EndGlobalSection
EndGlobal
